
Microsoft Visual Studio Solution File, Format Version 12.00
# Visual Studio 15
VisualStudioVersion = 15.0.26730.16
MinimumVisualStudioVersion = 10.0.40219.1
Project("{FAE04EC0-301F-11D3-BF4B-00C04F79EFBC}") = "MvcMovie", "MvcMovie\MvcMovie.csproj", "{B154C15F-DE29-4EEF-B512-88F748C2AEDD}"
EndProject
Global
	GlobalSection(SolutionConfigurationPlatforms) = preSolution
		Debug|Any CPU = Debug|Any CPU
		Release|Any CPU = Release|Any CPU
	EndGlobalSection
	GlobalSection(ProjectConfigurationPlatforms) = postSolution
		{B154C15F-DE29-4EEF-B512-88F748C2AEDD}.Debug|Any CPU.ActiveCfg = Debug|Any CPU
		{B154C15F-DE29-4EEF-B512-88F748C2AEDD}.Debug|Any CPU.Build.0 = Debug|Any CPU
		{B154C15F-DE29-4EEF-B512-88F748C2AEDD}.Release|Any CPU.ActiveCfg = Release|Any CPU
		{B154C15F-DE29-4EEF-B512-88F748C2AEDD}.Release|Any CPU.Build.0 = Release|Any CPU
	EndGlobalSection
	GlobalSection(SolutionProperties) = preSolution
		HideSolutionNode = FALSE
	EndGlobalSection
	GlobalSection(ExtensibilityGlobals) = postSolution
		SolutionGuid = {559B07E2-9DE8-4898-9403-8FC48AB7AE19}
	EndGlobalSection
EndGlobal
